
Microsoft Visual Studio Solution File, Format Version 12.00
# Visual Studio 15
VisualStudioVersion = 15.0.27703.2042
MinimumVisualStudioVersion = 10.0.40219.1
Project("{9A19103F-16F7-4668-BE54-9A1E7A4F7556}") = "GeneticAlgorithmsHomeworks.Function", "GeneticAlgorithmsHomeworks.DimensionalFunction\GeneticAlgorithmsHomeworks.Function.csproj", "{E0870D82-352B-4D57-8106-33F18658CF97}"
EndProject
Project("{9A19103F-16F7-4668-BE54-9A1E7A4F7556}") = "GeneticAlgorithmsHomeworks.Homework0", "GeneticAlgorithmsHomeworks.Homework0\GeneticAlgorithmsHomeworks.Homework0.csproj", "{209F1268-C301-4F71-A813-0342F60889C7}"
EndProject
Project("{9A19103F-16F7-4668-BE54-9A1E7A4F7556}") = "GeneticAlgorithmsHomeworks.Presentation", "GeneticAlgorithmsHomeworks.Presentation\GeneticAlgorithmsHomeworks.Presentation.csproj", "{219C144A-A37A-49C1-B08F-3CD9DE1CCD7B}"
EndProject
Project("{9A19103F-16F7-4668-BE54-9A1E7A4F7556}") = "GeneticAlgorithmsHomeworks.Core", "GeneticAlgorithmsHomeworks.Core\GeneticAlgorithmsHomeworks.Core.csproj", "{433A7CA0-7C82-438B-92A1-0C5F847BBF78}"
EndProject
Project("{FAE04EC0-301F-11D3-BF4B-00C04F79EFBC}") = "GeneticAlgorithmsHomeworks.Homework1", "GeneticAlgorithmsHomeworks.Homework1\GeneticAlgorithmsHomeworks.Homework1.csproj", "{84049110-2582-4982-9839-B05D36B6CECD}"
EndProject
Global
	GlobalSection(SolutionConfigurationPlatforms) = preSolution
		Debug|Any CPU = Debug|Any CPU
		Release|Any CPU = Release|Any CPU
	EndGlobalSection
	GlobalSection(ProjectConfigurationPlatforms) = postSolution
		{E0870D82-352B-4D57-8106-33F18658CF97}.Debug|Any CPU.ActiveCfg = Debug|Any CPU
		{E0870D82-352B-4D57-8106-33F18658CF97}.Debug|Any CPU.Build.0 = Debug|Any CPU
		{E0870D82-352B-4D57-8106-33F18658CF97}.Release|Any CPU.ActiveCfg = Release|Any CPU
		{E0870D82-352B-4D57-8106-33F18658CF97}.Release|Any CPU.Build.0 = Release|Any CPU
		{209F1268-C301-4F71-A813-0342F60889C7}.Debug|Any CPU.ActiveCfg = Debug|Any CPU
		{209F1268-C301-4F71-A813-0342F60889C7}.Debug|Any CPU.Build.0 = Debug|Any CPU
		{209F1268-C301-4F71-A813-0342F60889C7}.Release|Any CPU.ActiveCfg = Release|Any CPU
		{209F1268-C301-4F71-A813-0342F60889C7}.Release|Any CPU.Build.0 = Release|Any CPU
		{219C144A-A37A-49C1-B08F-3CD9DE1CCD7B}.Debug|Any CPU.ActiveCfg = Debug|Any CPU
		{219C144A-A37A-49C1-B08F-3CD9DE1CCD7B}.Debug|Any CPU.Build.0 = Debug|Any CPU
		{219C144A-A37A-49C1-B08F-3CD9DE1CCD7B}.Release|Any CPU.ActiveCfg = Release|Any CPU
		{219C144A-A37A-49C1-B08F-3CD9DE1CCD7B}.Release|Any CPU.Build.0 = Release|Any CPU
		{433A7CA0-7C82-438B-92A1-0C5F847BBF78}.Debug|Any CPU.ActiveCfg = Debug|Any CPU
		{433A7CA0-7C82-438B-92A1-0C5F847BBF78}.Debug|Any CPU.Build.0 = Debug|Any CPU
		{433A7CA0-7C82-438B-92A1-0C5F847BBF78}.Release|Any CPU.ActiveCfg = Release|Any CPU
		{433A7CA0-7C82-438B-92A1-0C5F847BBF78}.Release|Any CPU.Build.0 = Release|Any CPU
		{84049110-2582-4982-9839-B05D36B6CECD}.Debug|Any CPU.ActiveCfg = Debug|Any CPU
		{84049110-2582-4982-9839-B05D36B6CECD}.Debug|Any CPU.Build.0 = Debug|Any CPU
		{84049110-2582-4982-9839-B05D36B6CECD}.Release|Any CPU.ActiveCfg = Release|Any CPU
		{84049110-2582-4982-9839-B05D36B6CECD}.Release|Any CPU.Build.0 = Release|Any CPU
	EndGlobalSection
	GlobalSection(SolutionProperties) = preSolution
		HideSolutionNode = FALSE
	EndGlobalSection
	GlobalSection(ExtensibilityGlobals) = postSolution
		SolutionGuid = {02FA8DE0-0EDD-4FE5-8141-90407A4C88DB}
	EndGlobalSection
EndGlobal
